
Microsoft Visual Studio Solution File, Format Version 12.00
# Visual Studio Version 17
VisualStudioVersion = 17.5.002.0
MinimumVisualStudioVersion = 10.0.40219.1
Project("{9A19103F-16F7-4668-BE54-9A1E7A4F7556}") = "utilizando-array-e-listas", "utilizando-array-e-listas.csproj", "{CBD68126-157B-43B3-9940-2C7EE5EC0609}"
EndProject
Global
	GlobalSection(SolutionConfigurationPlatforms) = preSolution
		Debug|Any CPU = Debug|Any CPU
		Release|Any CPU = Release|Any CPU
	EndGlobalSection
	GlobalSection(ProjectConfigurationPlatforms) = postSolution
		{CBD68126-157B-43B3-9940-2C7EE5EC0609}.Debug|Any CPU.ActiveCfg = Debug|Any CPU
		{CBD68126-157B-43B3-9940-2C7EE5EC0609}.Debug|Any CPU.Build.0 = Debug|Any CPU
		{CBD68126-157B-43B3-9940-2C7EE5EC0609}.Release|Any CPU.ActiveCfg = Release|Any CPU
		{CBD68126-157B-43B3-9940-2C7EE5EC0609}.Release|Any CPU.Build.0 = Release|Any CPU
	EndGlobalSection
	GlobalSection(SolutionProperties) = preSolution
		HideSolutionNode = FALSE
	EndGlobalSection
	GlobalSection(ExtensibilityGlobals) = postSolution
		SolutionGuid = {7CB724E7-9E68-4BBD-846A-4BEB13B8D6F9}
	EndGlobalSection
EndGlobal
